
Microsoft Visual Studio Solution File, Format Version 12.00
# Visual Studio Version 18
VisualStudioVersion = 18.0.11018.127 d18.0
MinimumVisualStudioVersion = 10.0.40219.1
Project("{FAE04EC0-301F-11D3-BF4B-00C04F79EFBC}") = "Zaza_Gsm_Web.Server", "Zaza_Gsm_Web.Server\Zaza_Gsm_Web.Server.csproj", "{9C926DB8-73A6-44F6-82C7-3A7FBCEE3926}"
EndProject
Global
	GlobalSection(SolutionConfigurationPlatforms) = preSolution
		Debug|Any CPU = Debug|Any CPU
		Release|Any CPU = Release|Any CPU
	EndGlobalSection
	GlobalSection(ProjectConfigurationPlatforms) = postSolution
		{9C926DB8-73A6-44F6-82C7-3A7FBCEE3926}.Debug|Any CPU.ActiveCfg = Debug|Any CPU
		{9C926DB8-73A6-44F6-82C7-3A7FBCEE3926}.Debug|Any CPU.Build.0 = Debug|Any CPU
		{9C926DB8-73A6-44F6-82C7-3A7FBCEE3926}.Release|Any CPU.ActiveCfg = Release|Any CPU
		{9C926DB8-73A6-44F6-82C7-3A7FBCEE3926}.Release|Any CPU.Build.0 = Release|Any CPU
	EndGlobalSection
	GlobalSection(SolutionProperties) = preSolution
		HideSolutionNode = FALSE
	EndGlobalSection
	GlobalSection(ExtensibilityGlobals) = postSolution
		SolutionGuid = {46CBF6E0-A07C-4DD0-A5FA-C476E4C6AB7E}
	EndGlobalSection
EndGlobal
